
Microsoft Visual Studio Solution File, Format Version 12.00
# Visual Studio Version 17
VisualStudioVersion = 17.2.32602.215
MinimumVisualStudioVersion = 10.0.40219.1
Project("{9A19103F-16F7-4668-BE54-9A1E7A4F7556}") = "SimpleHostWindows", "SimpleHostWindows\SimpleHostWindows.csproj", "{72377435-4806-4014-88ED-CF580FD75BFF}"
EndProject
Project("{FAE04EC0-301F-11D3-BF4B-00C04F79EFBC}") = "SimpleHostConsole", "SimpleHostConsole\SimpleHostConsole.csproj", "{B712E73E-403A-4D24-B5E7-6BECE2B22FC4}"
EndProject
Project("{9A19103F-16F7-4668-BE54-9A1E7A4F7556}") = "WebsiteStatusCheckerWorker", "WebsiteStatusCheckerWorker\WebsiteStatusCheckerWorker.csproj", "{E92C4B87-1B4B-4AE7-BC1C-93036B167F49}"
EndProject
Project("{FAE04EC0-301F-11D3-BF4B-00C04F79EFBC}") = "CmdLineGrabber", "CmdLineGrabber\CmdLineGrabber.csproj", "{36C51E21-CC33-4CD8-9867-1139709141DD}"
EndProject
Project("{9A19103F-16F7-4668-BE54-9A1E7A4F7556}") = "CmdLineSniffer", "CmdLineSniffer\CmdLineSniffer.csproj", "{BBBD1FB9-2A6F-4322-9BC0-4820B61A5E1B}"
EndProject
Project("{9A19103F-16F7-4668-BE54-9A1E7A4F7556}") = "Methods", "Methods\Methods.csproj", "{5D305150-5345-4532-BD11-14B829153C09}"
EndProject
Project("{FAE04EC0-301F-11D3-BF4B-00C04F79EFBC}") = "CertRenamer", "CertRenamer\CertRenamer.csproj", "{7B87CEC7-7415-4581-8D14-CD70990E41B5}"
EndProject
Project("{9A19103F-16F7-4668-BE54-9A1E7A4F7556}") = "LicensingGenetator", "LicensingGenetator\LicensingGenetator.csproj", "{B9213768-E0A7-4C7B-8A67-50887C38AC58}"
EndProject
Project("{9A19103F-16F7-4668-BE54-9A1E7A4F7556}") = "LicensingActivation", "LicensingActivation\LicensingActivation.csproj", "{1A42A239-46C7-4645-830E-C171B72CD039}"
EndProject
Project("{9A19103F-16F7-4668-BE54-9A1E7A4F7556}") = "SimpleAdbClientNET6", "SimpleAdbClientNET6\SimpleAdbClientNET6.csproj", "{250D17D6-4E15-472C-9161-3B3ADAE98C58}"
EndProject
Project("{FAE04EC0-301F-11D3-BF4B-00C04F79EFBC}") = "UWPApp", "UWPApp\UWPApp.csproj", "{7C11B1AA-0792-4B5C-B40D-E98D912A1398}"
EndProject
Project("{2150E333-8FDC-42A3-9474-1A3956D46DE8}") = "Solutions", "Solutions", "{300D4F87-C88B-447F-AFC6-B685F6C60835}"
EndProject
Project("{FAE04EC0-301F-11D3-BF4B-00C04F79EFBC}") = "SockMerchant", "SockMerchant\SockMerchant.csproj", "{DD642230-1822-44DD-94E0-99380951530A}"
EndProject
Project("{FAE04EC0-301F-11D3-BF4B-00C04F79EFBC}") = "DiagonalDifference", "DiagonalDifference\DiagonalDifference.csproj", "{7B491167-2174-4B09-A761-D47D181CF23A}"
EndProject
Project("{FAE04EC0-301F-11D3-BF4B-00C04F79EFBC}") = "PlusMinus", "PlusMinus\PlusMinus.csproj", "{CCCE0E57-DAB9-469F-A109-3A5C4BDFBBB5}"
EndProject
Project("{FAE04EC0-301F-11D3-BF4B-00C04F79EFBC}") = "DesignPatternsCommand", "DesignPatternsCommand\DesignPatternsCommand.csproj", "{115C86B1-A8AC-42BF-ACAE-48E8AE7BE7B9}"
EndProject
Project("{9A19103F-16F7-4668-BE54-9A1E7A4F7556}") = "BroadcastServer", "BroadcastServer\BroadcastServer.csproj", "{039C64B0-E9E1-4E24-942B-21116B8A29E0}"
EndProject
Project("{9A19103F-16F7-4668-BE54-9A1E7A4F7556}") = "BroadcastClient", "BroadcastClient\BroadcastClient.csproj", "{7EB793FE-9AE8-4D53-9557-EB66436F21ED}"
EndProject
Project("{9A19103F-16F7-4668-BE54-9A1E7A4F7556}") = "AsyncAwait", "AsyncAwait\AsyncAwait.csproj", "{53FA6169-33FB-48B1-9C9D-4DF284730BEE}"
EndProject
Project("{9A19103F-16F7-4668-BE54-9A1E7A4F7556}") = "ControlInvoke", "ControlInvoke\ControlInvoke.csproj", "{3A74CAAD-6123-4329-A560-5999E45EDB3B}"
EndProject
Project("{FAE04EC0-301F-11D3-BF4B-00C04F79EFBC}") = "ControlInvokeForms", "ControlInvokeForms\ControlInvokeForms.csproj", "{19E48AF6-75F1-45BC-B8FA-46EBEE2600A4}"
EndProject
Project("{FAE04EC0-301F-11D3-BF4B-00C04F79EFBC}") = "DebugTip", "DebugTip\DebugTip.csproj", "{E460065C-E90B-41BE-B8E9-14542D41ECE1}"
EndProject
Project("{FAE04EC0-301F-11D3-BF4B-00C04F79EFBC}") = "DeviceListing", "DeviceListing\DeviceListing.csproj", "{C2DBBC35-916F-42AE-AD1B-8B8D5DF541B3}"
EndProject
Project("{FAE04EC0-301F-11D3-BF4B-00C04F79EFBC}") = "WPFTemplate", "WPFTemplate\WPFTemplate.csproj", "{541EA269-7E56-49C6-B614-FE45C613C2B3}"
EndProject
Project("{FAE04EC0-301F-11D3-BF4B-00C04F79EFBC}") = "SinifKutuphanesi", "SinifKutuphanesi\SinifKutuphanesi.csproj", "{CF4046E1-6AC0-4D47-9930-D1E558C05175}"
EndProject
Project("{FAE04EC0-301F-11D3-BF4B-00C04F79EFBC}") = "SinifKutuphanesiUI", "SinifKutuphanesiUI\SinifKutuphanesiUI.csproj", "{CE62B294-E9B8-4628-97E6-AF8C28AD386F}"
EndProject
Project("{F184B08F-C81C-45F6-A57F-5ABD9991F28F}") = "TimerVB", "Timer\TimerVB.vbproj", "{004E0CBF-AA21-45DF-A955-97EA602D4318}"
EndProject
Global
	GlobalSection(SolutionConfigurationPlatforms) = preSolution
		Debug|Any CPU = Debug|Any CPU
		Debug|ARM = Debug|ARM
		Debug|ARM64 = Debug|ARM64
		Debug|x64 = Debug|x64
		Debug|x86 = Debug|x86
		Release|Any CPU = Release|Any CPU
		Release|ARM = Release|ARM
		Release|ARM64 = Release|ARM64
		Release|x64 = Release|x64
		Release|x86 = Release|x86
	EndGlobalSection
	GlobalSection(ProjectConfigurationPlatforms) = postSolution
		{72377435-4806-4014-88ED-CF580FD75BFF}.Debug|Any CPU.ActiveCfg = Debug|Any CPU
		{72377435-4806-4014-88ED-CF580FD75BFF}.Debug|Any CPU.Build.0 = Debug|Any CPU
		{72377435-4806-4014-88ED-CF580FD75BFF}.Debug|ARM.ActiveCfg = Debug|Any CPU
		{72377435-4806-4014-88ED-CF580FD75BFF}.Debug|ARM.Build.0 = Debug|Any CPU
		{72377435-4806-4014-88ED-CF580FD75BFF}.Debug|ARM64.ActiveCfg = Debug|Any CPU
		{72377435-4806-4014-88ED-CF580FD75BFF}.Debug|ARM64.Build.0 = Debug|Any CPU
		{72377435-4806-4014-88ED-CF580FD75BFF}.Debug|x64.ActiveCfg = Debug|Any CPU
		{72377435-4806-4014-88ED-CF580FD75BFF}.Debug|x64.Build.0 = Debug|Any CPU
		{72377435-4806-4014-88ED-CF580FD75BFF}.Debug|x86.ActiveCfg = Debug|Any CPU
		{72377435-4806-4014-88ED-CF580FD75BFF}.Debug|x86.Build.0 = Debug|Any CPU
		{72377435-4806-4014-88ED-CF580FD75BFF}.Release|Any CPU.ActiveCfg = Release|Any CPU
		{72377435-4806-4014-88ED-CF580FD75BFF}.Release|Any CPU.Build.0 = Release|Any CPU
		{72377435-4806-4014-88ED-CF580FD75BFF}.Release|ARM.ActiveCfg = Release|Any CPU
		{72377435-4806-4014-88ED-CF580FD75BFF}.Release|ARM.Build.0 = Release|Any CPU
		{72377435-4806-4014-88ED-CF580FD75BFF}.Release|ARM64.ActiveCfg = Release|Any CPU
		{72377435-4806-4014-88ED-CF580FD75BFF}.Release|ARM64.Build.0 = Release|Any CPU
		{72377435-4806-4014-88ED-CF580FD75BFF}.Release|x64.ActiveCfg = Release|Any CPU
		{72377435-4806-4014-88ED-CF580FD75BFF}.Release|x64.Build.0 = Release|Any CPU
		{72377435-4806-4014-88ED-CF580FD75BFF}.Release|x86.ActiveCfg = Release|Any CPU
		{72377435-4806-4014-88ED-CF580FD75BFF}.Release|x86.Build.0 = Release|Any CPU
		{B712E73E-403A-4D24-B5E7-6BECE2B22FC4}.Debug|Any CPU.ActiveCfg = Debug|Any CPU
		{B712E73E-403A-4D24-B5E7-6BECE2B22FC4}.Debug|Any CPU.Build.0 = Debug|Any CPU
		{B712E73E-403A-4D24-B5E7-6BECE2B22FC4}.Debug|ARM.ActiveCfg = Debug|Any CPU
		{B712E73E-403A-4D24-B5E7-6BECE2B22FC4}.Debug|ARM.Build.0 = Debug|Any CPU
		{B712E73E-403A-4D24-B5E7-6BECE2B22FC4}.Debug|ARM64.ActiveCfg = Debug|Any CPU
		{B712E73E-403A-4D24-B5E7-6BECE2B22FC4}.Debug|ARM64.Build.0 = Debug|Any CPU
		{B712E73E-403A-4D24-B5E7-6BECE2B22FC4}.Debug|x64.ActiveCfg = Debug|Any CPU
		{B712E73E-403A-4D24-B5E7-6BECE2B22FC4}.Debug|x64.Build.0 = Debug|Any CPU
		{B712E73E-403A-4D24-B5E7-6BECE2B22FC4}.Debug|x86.ActiveCfg = Debug|Any CPU
		{B712E73E-403A-4D24-B5E7-6BECE2B22FC4}.Debug|x86.Build.0 = Debug|Any CPU
		{B712E73E-403A-4D24-B5E7-6BECE2B22FC4}.Release|Any CPU.ActiveCfg = Release|Any CPU
		{B712E73E-403A-4D24-B5E7-6BECE2B22FC4}.Release|Any CPU.Build.0 = Release|Any CPU
		{B712E73E-403A-4D24-B5E7-6BECE2B22FC4}.Release|ARM.ActiveCfg = Release|Any CPU
		{B712E73E-403A-4D24-B5E7-6BECE2B22FC4}.Release|ARM.Build.0 = Release|Any CPU
		{B712E73E-403A-4D24-B5E7-6BECE2B22FC4}.Release|ARM64.ActiveCfg = Release|Any CPU
		{B712E73E-403A-4D24-B5E7-6BECE2B22FC4}.Release|ARM64.Build.0 = Release|Any CPU
		{B712E73E-403A-4D24-B5E7-6BECE2B22FC4}.Release|x64.ActiveCfg = Release|Any CPU
		{B712E73E-403A-4D24-B5E7-6BECE2B22FC4}.Release|x64.Build.0 = Release|Any CPU
		{B712E73E-403A-4D24-B5E7-6BECE2B22FC4}.Release|x86.ActiveCfg = Release|Any CPU
		{B712E73E-403A-4D24-B5E7-6BECE2B22FC4}.Release|x86.Build.0 = Release|Any CPU
		{E92C4B87-1B4B-4AE7-BC1C-93036B167F49}.Debug|Any CPU.ActiveCfg = Debug|Any CPU
		{E92C4B87-1B4B-4AE7-BC1C-93036B167F49}.Debug|Any CPU.Build.0 = Debug|Any CPU
		{E92C4B87-1B4B-4AE7-BC1C-93036B167F49}.Debug|ARM.ActiveCfg = Debug|Any CPU
		{E92C4B87-1B4B-4AE7-BC1C-93036B167F49}.Debug|ARM.Build.0 = Debug|Any CPU
		{E92C4B87-1B4B-4AE7-BC1C-93036B167F49}.Debug|ARM64.ActiveCfg = Debug|Any CPU
		{E92C4B87-1B4B-4AE7-BC1C-93036B167F49}.Debug|ARM64.Build.0 = Debug|Any CPU
		{E92C4B87-1B4B-4AE7-BC1C-93036B167F49}.Debug|x64.ActiveCfg = Debug|Any CPU
		{E92C4B87-1B4B-4AE7-BC1C-93036B167F49}.Debug|x64.Build.0 = Debug|Any CPU
		{E92C4B87-1B4B-4AE7-BC1C-93036B167F49}.Debug|x86.ActiveCfg = Debug|Any CPU
		{E92C4B87-1B4B-4AE7-BC1C-93036B167F49}.Debug|x86.Build.0 = Debug|Any CPU
		{E92C4B87-1B4B-4AE7-BC1C-93036B167F49}.Release|Any CPU.ActiveCfg = Release|Any CPU
		{E92C4B87-1B4B-4AE7-BC1C-93036B167F49}.Release|Any CPU.Build.0 = Release|Any CPU
		{E92C4B87-1B4B-4AE7-BC1C-93036B167F49}.Release|ARM.ActiveCfg = Release|Any CPU
		{E92C4B87-1B4B-4AE7-BC1C-93036B167F49}.Release|ARM.Build.0 = Release|Any CPU
		{E92C4B87-1B4B-4AE7-BC1C-93036B167F49}.Release|ARM64.ActiveCfg = Release|Any CPU
		{E92C4B87-1B4B-4AE7-BC1C-93036B167F49}.Release|ARM64.Build.0 = Release|Any CPU
		{E92C4B87-1B4B-4AE7-BC1C-93036B167F49}.Release|x64.ActiveCfg = Release|Any CPU
		{E92C4B87-1B4B-4AE7-BC1C-93036B167F49}.Release|x64.Build.0 = Release|Any CPU
		{E92C4B87-1B4B-4AE7-BC1C-93036B167F49}.Release|x86.ActiveCfg = Release|Any CPU
		{E92C4B87-1B4B-4AE7-BC1C-93036B167F49}.Release|x86.Build.0 = Release|Any CPU
		{36C51E21-CC33-4CD8-9867-1139709141DD}.Debug|Any CPU.ActiveCfg = Debug|Any CPU
		{36C51E21-CC33-4CD8-9867-1139709141DD}.Debug|Any CPU.Build.0 = Debug|Any CPU
		{36C51E21-CC33-4CD8-9867-1139709141DD}.Debug|ARM.ActiveCfg = Debug|Any CPU
		{36C51E21-CC33-4CD8-9867-1139709141DD}.Debug|ARM.Build.0 = Debug|Any CPU
		{36C51E21-CC33-4CD8-9867-1139709141DD}.Debug|ARM64.ActiveCfg = Debug|Any CPU
		{36C51E21-CC33-4CD8-9867-1139709141DD}.Debug|ARM64.Build.0 = Debug|Any CPU
		{36C51E21-CC33-4CD8-9867-1139709141DD}.Debug|x64.ActiveCfg = Debug|Any CPU
		{36C51E21-CC33-4CD8-9867-1139709141DD}.Debug|x64.Build.0 = Debug|Any CPU
		{36C51E21-CC33-4CD8-9867-1139709141DD}.Debug|x86.ActiveCfg = Debug|Any CPU
		{36C51E21-CC33-4CD8-9867-1139709141DD}.Debug|x86.Build.0 = Debug|Any CPU
		{36C51E21-CC33-4CD8-9867-1139709141DD}.Release|Any CPU.ActiveCfg = Release|Any CPU
		{36C51E21-CC33-4CD8-9867-1139709141DD}.Release|Any CPU.Build.0 = Release|Any CPU
		{36C51E21-CC33-4CD8-9867-1139709141DD}.Release|ARM.ActiveCfg = Release|Any CPU
		{36C51E21-CC33-4CD8-9867-1139709141DD}.Release|ARM.Build.0 = Release|Any CPU
		{36C51E21-CC33-4CD8-9867-1139709141DD}.Release|ARM64.ActiveCfg = Release|Any CPU
		{36C51E21-CC33-4CD8-9867-1139709141DD}.Release|ARM64.Build.0 = Release|Any CPU
		{36C51E21-CC33-4CD8-9867-1139709141DD}.Release|x64.ActiveCfg = Release|Any CPU
		{36C51E21-CC33-4CD8-9867-1139709141DD}.Release|x64.Build.0 = Release|Any CPU
		{36C51E21-CC33-4CD8-9867-1139709141DD}.Release|x86.ActiveCfg = Release|Any CPU
		{36C51E21-CC33-4CD8-9867-1139709141DD}.Release|x86.Build.0 = Release|Any CPU
		{BBBD1FB9-2A6F-4322-9BC0-4820B61A5E1B}.Debug|Any CPU.ActiveCfg = Debug|Any CPU
		{BBBD1FB9-2A6F-4322-9BC0-4820B61A5E1B}.Debug|Any CPU.Build.0 = Debug|Any CPU
		{BBBD1FB9-2A6F-4322-9BC0-4820B61A5E1B}.Debug|ARM.ActiveCfg = Debug|Any CPU
		{BBBD1FB9-2A6F-4322-9BC0-4820B61A5E1B}.Debug|ARM.Build.0 = Debug|Any CPU
		{BBBD1FB9-2A6F-4322-9BC0-4820B61A5E1B}.Debug|ARM64.ActiveCfg = Debug|Any CPU
		{BBBD1FB9-2A6F-4322-9BC0-4820B61A5E1B}.Debug|ARM64.Build.0 = Debug|Any CPU
		{BBBD1FB9-2A6F-4322-9BC0-4820B61A5E1B}.Debug|x64.ActiveCfg = Debug|Any CPU
		{BBBD1FB9-2A6F-4322-9BC0-4820B61A5E1B}.Debug|x64.Build.0 = Debug|Any CPU
		{BBBD1FB9-2A6F-4322-9BC0-4820B61A5E1B}.Debug|x86.ActiveCfg = Debug|Any CPU
		{BBBD1FB9-2A6F-4322-9BC0-4820B61A5E1B}.Debug|x86.Build.0 = Debug|Any CPU
		{BBBD1FB9-2A6F-4322-9BC0-4820B61A5E1B}.Release|Any CPU.ActiveCfg = Release|Any CPU
		{BBBD1FB9-2A6F-4322-9BC0-4820B61A5E1B}.Release|Any CPU.Build.0 = Release|Any CPU
		{BBBD1FB9-2A6F-4322-9BC0-4820B61A5E1B}.Release|ARM.ActiveCfg = Release|Any CPU
		{BBBD1FB9-2A6F-4322-9BC0-4820B61A5E1B}.Release|ARM.Build.0 = Release|Any CPU
		{BBBD1FB9-2A6F-4322-9BC0-4820B61A5E1B}.Release|ARM64.ActiveCfg = Release|Any CPU
		{BBBD1FB9-2A6F-4322-9BC0-4820B61A5E1B}.Release|ARM64.Build.0 = Release|Any CPU
		{BBBD1FB9-2A6F-4322-9BC0-4820B61A5E1B}.Release|x64.ActiveCfg = Release|Any CPU
		{BBBD1FB9-2A6F-4322-9BC0-4820B61A5E1B}.Release|x64.Build.0 = Release|Any CPU
		{BBBD1FB9-2A6F-4322-9BC0-4820B61A5E1B}.Release|x86.ActiveCfg = Release|Any CPU
		{BBBD1FB9-2A6F-4322-9BC0-4820B61A5E1B}.Release|x86.Build.0 = Release|Any CPU
		{5D305150-5345-4532-BD11-14B829153C09}.Debug|Any CPU.ActiveCfg = Debug|Any CPU
		{5D305150-5345-4532-BD11-14B829153C09}.Debug|Any CPU.Build.0 = Debug|Any CPU
		{5D305150-5345-4532-BD11-14B829153C09}.Debug|ARM.ActiveCfg = Debug|Any CPU
		{5D305150-5345-4532-BD11-14B829153C09}.Debug|ARM.Build.0 = Debug|Any CPU
		{5D305150-5345-4532-BD11-14B829153C09}.Debug|ARM64.ActiveCfg = Debug|Any CPU
		{5D305150-5345-4532-BD11-14B829153C09}.Debug|ARM64.Build.0 = Debug|Any CPU
		{5D305150-5345-4532-BD11-14B829153C09}.Debug|x64.ActiveCfg = Debug|Any CPU
		{5D305150-5345-4532-BD11-14B829153C09}.Debug|x64.Build.0 = Debug|Any CPU
		{5D305150-5345-4532-BD11-14B829153C09}.Debug|x86.ActiveCfg = Debug|Any CPU
		{5D305150-5345-4532-BD11-14B829153C09}.Debug|x86.Build.0 = Debug|Any CPU
		{5D305150-5345-4532-BD11-14B829153C09}.Release|Any CPU.ActiveCfg = Release|Any CPU
		{5D305150-5345-4532-BD11-14B829153C09}.Release|Any CPU.Build.0 = Release|Any CPU
		{5D305150-5345-4532-BD11-14B829153C09}.Release|ARM.ActiveCfg = Release|Any CPU
		{5D305150-5345-4532-BD11-14B829153C09}.Release|ARM.Build.0 = Release|Any CPU
		{5D305150-5345-4532-BD11-14B829153C09}.Release|ARM64.ActiveCfg = Release|Any CPU
		{5D305150-5345-4532-BD11-14B829153C09}.Release|ARM64.Build.0 = Release|Any CPU
		{5D305150-5345-4532-BD11-14B829153C09}.Release|x64.ActiveCfg = Release|Any CPU
		{5D305150-5345-4532-BD11-14B829153C09}.Release|x64.Build.0 = Release|Any CPU
		{5D305150-5345-4532-BD11-14B829153C09}.Release|x86.ActiveCfg = Release|Any CPU
		{5D305150-5345-4532-BD11-14B829153C09}.Release|x86.Build.0 = Release|Any CPU
		{7B87CEC7-7415-4581-8D14-CD70990E41B5}.Debug|Any CPU.ActiveCfg = Debug|Any CPU
		{7B87CEC7-7415-4581-8D14-CD70990E41B5}.Debug|Any CPU.Build.0 = Debug|Any CPU
		{7B87CEC7-7415-4581-8D14-CD70990E41B5}.Debug|ARM.ActiveCfg = Debug|Any CPU
		{7B87CEC7-7415-4581-8D14-CD70990E41B5}.Debug|ARM.Build.0 = Debug|Any CPU
		{7B87CEC7-7415-4581-8D14-CD70990E41B5}.Debug|ARM64.ActiveCfg = Debug|Any CPU
		{7B87CEC7-7415-4581-8D14-CD70990E41B5}.Debug|ARM64.Build.0 = Debug|Any CPU
		{7B87CEC7-7415-4581-8D14-CD70990E41B5}.Debug|x64.ActiveCfg = Debug|Any CPU
		{7B87CEC7-7415-4581-8D14-CD70990E41B5}.Debug|x64.Build.0 = Debug|Any CPU
		{7B87CEC7-7415-4581-8D14-CD70990E41B5}.Debug|x86.ActiveCfg = Debug|Any CPU
		{7B87CEC7-7415-4581-8D14-CD70990E41B5}.Debug|x86.Build.0 = Debug|Any CPU
		{7B87CEC7-7415-4581-8D14-CD70990E41B5}.Release|Any CPU.ActiveCfg = Release|Any CPU
		{7B87CEC7-7415-4581-8D14-CD70990E41B5}.Release|Any CPU.Build.0 = Release|Any CPU
		{7B87CEC7-7415-4581-8D14-CD70990E41B5}.Release|ARM.ActiveCfg = Release|Any CPU
		{7B87CEC7-7415-4581-8D14-CD70990E41B5}.Release|ARM.Build.0 = Release|Any CPU
		{7B87CEC7-7415-4581-8D14-CD70990E41B5}.Release|ARM64.ActiveCfg = Release|Any CPU
		{7B87CEC7-7415-4581-8D14-CD70990E41B5}.Release|ARM64.Build.0 = Release|Any CPU
		{7B87CEC7-7415-4581-8D14-CD70990E41B5}.Release|x64.ActiveCfg = Release|Any CPU
		{7B87CEC7-7415-4581-8D14-CD70990E41B5}.Release|x64.Build.0 = Release|Any CPU
		{7B87CEC7-7415-4581-8D14-CD70990E41B5}.Release|x86.ActiveCfg = Release|Any CPU
		{7B87CEC7-7415-4581-8D14-CD70990E41B5}.Release|x86.Build.0 = Release|Any CPU
		{B9213768-E0A7-4C7B-8A67-50887C38AC58}.Debug|Any CPU.ActiveCfg = Debug|Any CPU
		{B9213768-E0A7-4C7B-8A67-50887C38AC58}.Debug|Any CPU.Build.0 = Debug|Any CPU
		{B9213768-E0A7-4C7B-8A67-50887C38AC58}.Debug|ARM.ActiveCfg = Debug|Any CPU
		{B9213768-E0A7-4C7B-8A67-50887C38AC58}.Debug|ARM.Build.0 = Debug|Any CPU
		{B9213768-E0A7-4C7B-8A67-50887C38AC58}.Debug|ARM64.ActiveCfg = Debug|Any CPU
		{B9213768-E0A7-4C7B-8A67-50887C38AC58}.Debug|ARM64.Build.0 = Debug|Any CPU
		{B9213768-E0A7-4C7B-8A67-50887C38AC58}.Debug|x64.ActiveCfg = Debug|Any CPU
		{B9213768-E0A7-4C7B-8A67-50887C38AC58}.Debug|x64.Build.0 = Debug|Any CPU
		{B9213768-E0A7-4C7B-8A67-50887C38AC58}.Debug|x86.ActiveCfg = Debug|Any CPU
		{B9213768-E0A7-4C7B-8A67-50887C38AC58}.Debug|x86.Build.0 = Debug|Any CPU
		{B9213768-E0A7-4C7B-8A67-50887C38AC58}.Release|Any CPU.ActiveCfg = Release|Any CPU
		{B9213768-E0A7-4C7B-8A67-50887C38AC58}.Release|Any CPU.Build.0 = Release|Any CPU
		{B9213768-E0A7-4C7B-8A67-50887C38AC58}.Release|ARM.ActiveCfg = Release|Any CPU
		{B9213768-E0A7-4C7B-8A67-50887C38AC58}.Release|ARM.Build.0 = Release|Any CPU
		{B9213768-E0A7-4C7B-8A67-50887C38AC58}.Release|ARM64.ActiveCfg = Release|Any CPU
		{B9213768-E0A7-4C7B-8A67-50887C38AC58}.Release|ARM64.Build.0 = Release|Any CPU
		{B9213768-E0A7-4C7B-8A67-50887C38AC58}.Release|x64.ActiveCfg = Release|Any CPU
		{B9213768-E0A7-4C7B-8A67-50887C38AC58}.Release|x64.Build.0 = Release|Any CPU
		{B9213768-E0A7-4C7B-8A67-50887C38AC58}.Release|x86.ActiveCfg = Release|Any CPU
		{B9213768-E0A7-4C7B-8A67-50887C38AC58}.Release|x86.Build.0 = Release|Any CPU
		{1A42A239-46C7-4645-830E-C171B72CD039}.Debug|Any CPU.ActiveCfg = Debug|Any CPU
		{1A42A239-46C7-4645-830E-C171B72CD039}.Debug|Any CPU.Build.0 = Debug|Any CPU
		{1A42A239-46C7-4645-830E-C171B72CD039}.Debug|ARM.ActiveCfg = Debug|Any CPU
		{1A42A239-46C7-4645-830E-C171B72CD039}.Debug|ARM.Build.0 = Debug|Any CPU
		{1A42A239-46C7-4645-830E-C171B72CD039}.Debug|ARM64.ActiveCfg = Debug|Any CPU
		{1A42A239-46C7-4645-830E-C171B72CD039}.Debug|ARM64.Build.0 = Debug|Any CPU
		{1A42A239-46C7-4645-830E-C171B72CD039}.Debug|x64.ActiveCfg = Debug|Any CPU
		{1A42A239-46C7-4645-830E-C171B72CD039}.Debug|x64.Build.0 = Debug|Any CPU
		{1A42A239-46C7-4645-830E-C171B72CD039}.Debug|x86.ActiveCfg = Debug|Any CPU
		{1A42A239-46C7-4645-830E-C171B72CD039}.Debug|x86.Build.0 = Debug|Any CPU
		{1A42A239-46C7-4645-830E-C171B72CD039}.Release|Any CPU.ActiveCfg = Release|Any CPU
		{1A42A239-46C7-4645-830E-C171B72CD039}.Release|Any CPU.Build.0 = Release|Any CPU
		{1A42A239-46C7-4645-830E-C171B72CD039}.Release|ARM.ActiveCfg = Release|Any CPU
		{1A42A239-46C7-4645-830E-C171B72CD039}.Release|ARM.Build.0 = Release|Any CPU
		{1A42A239-46C7-4645-830E-C171B72CD039}.Release|ARM64.ActiveCfg = Release|Any CPU
		{1A42A239-46C7-4645-830E-C171B72CD039}.Release|ARM64.Build.0 = Release|Any CPU
		{1A42A239-46C7-4645-830E-C171B72CD039}.Release|x64.ActiveCfg = Release|Any CPU
		{1A42A239-46C7-4645-830E-C171B72CD039}.Release|x64.Build.0 = Release|Any CPU
		{1A42A239-46C7-4645-830E-C171B72CD039}.Release|x86.ActiveCfg = Release|Any CPU
		{1A42A239-46C7-4645-830E-C171B72CD039}.Release|x86.Build.0 = Release|Any CPU
		{250D17D6-4E15-472C-9161-3B3ADAE98C58}.Debug|Any CPU.ActiveCfg = Debug|Any CPU
		{250D17D6-4E15-472C-9161-3B3ADAE98C58}.Debug|Any CPU.Build.0 = Debug|Any CPU
		{250D17D6-4E15-472C-9161-3B3ADAE98C58}.Debug|ARM.ActiveCfg = Debug|Any CPU
		{250D17D6-4E15-472C-9161-3B3ADAE98C58}.Debug|ARM.Build.0 = Debug|Any CPU
		{250D17D6-4E15-472C-9161-3B3ADAE98C58}.Debug|ARM64.ActiveCfg = Debug|Any CPU
		{250D17D6-4E15-472C-9161-3B3ADAE98C58}.Debug|ARM64.Build.0 = Debug|Any CPU
		{250D17D6-4E15-472C-9161-3B3ADAE98C58}.Debug|x64.ActiveCfg = Debug|Any CPU
		{250D17D6-4E15-472C-9161-3B3ADAE98C58}.Debug|x64.Build.0 = Debug|Any CPU
		{250D17D6-4E15-472C-9161-3B3ADAE98C58}.Debug|x86.ActiveCfg = Debug|Any CPU
		{250D17D6-4E15-472C-9161-3B3ADAE98C58}.Debug|x86.Build.0 = Debug|Any CPU
		{250D17D6-4E15-472C-9161-3B3ADAE98C58}.Release|Any CPU.ActiveCfg = Release|Any CPU
		{250D17D6-4E15-472C-9161-3B3ADAE98C58}.Release|Any CPU.Build.0 = Release|Any CPU
		{250D17D6-4E15-472C-9161-3B3ADAE98C58}.Release|ARM.ActiveCfg = Release|Any CPU
		{250D17D6-4E15-472C-9161-3B3ADAE98C58}.Release|ARM.Build.0 = Release|Any CPU
		{250D17D6-4E15-472C-9161-3B3ADAE98C58}.Release|ARM64.ActiveCfg = Release|Any CPU
		{250D17D6-4E15-472C-9161-3B3ADAE98C58}.Release|ARM64.Build.0 = Release|Any CPU
		{250D17D6-4E15-472C-9161-3B3ADAE98C58}.Release|x64.ActiveCfg = Release|Any CPU
		{250D17D6-4E15-472C-9161-3B3ADAE98C58}.Release|x64.Build.0 = Release|Any CPU
		{250D17D6-4E15-472C-9161-3B3ADAE98C58}.Release|x86.ActiveCfg = Release|Any CPU
		{250D17D6-4E15-472C-9161-3B3ADAE98C58}.Release|x86.Build.0 = Release|Any CPU
		{7C11B1AA-0792-4B5C-B40D-E98D912A1398}.Debug|Any CPU.ActiveCfg = Debug|x64
		{7C11B1AA-0792-4B5C-B40D-E98D912A1398}.Debug|Any CPU.Build.0 = Debug|x64
		{7C11B1AA-0792-4B5C-B40D-E98D912A1398}.Debug|Any CPU.Deploy.0 = Debug|x64
		{7C11B1AA-0792-4B5C-B40D-E98D912A1398}.Debug|ARM.ActiveCfg = Debug|ARM
		{7C11B1AA-0792-4B5C-B40D-E98D912A1398}.Debug|ARM.Build.0 = Debug|ARM
		{7C11B1AA-0792-4B5C-B40D-E98D912A1398}.Debug|ARM.Deploy.0 = Debug|ARM
		{7C11B1AA-0792-4B5C-B40D-E98D912A1398}.Debug|ARM64.ActiveCfg = Debug|ARM64
		{7C11B1AA-0792-4B5C-B40D-E98D912A1398}.Debug|ARM64.Build.0 = Debug|ARM64
		{7C11B1AA-0792-4B5C-B40D-E98D912A1398}.Debug|ARM64.Deploy.0 = Debug|ARM64
		{7C11B1AA-0792-4B5C-B40D-E98D912A1398}.Debug|x64.ActiveCfg = Debug|x64
		{7C11B1AA-0792-4B5C-B40D-E98D912A1398}.Debug|x64.Build.0 = Debug|x64
		{7C11B1AA-0792-4B5C-B40D-E98D912A1398}.Debug|x64.Deploy.0 = Debug|x64
		{7C11B1AA-0792-4B5C-B40D-E98D912A1398}.Debug|x86.ActiveCfg = Debug|x86
		{7C11B1AA-0792-4B5C-B40D-E98D912A1398}.Debug|x86.Build.0 = Debug|x86
		{7C11B1AA-0792-4B5C-B40D-E98D912A1398}.Debug|x86.Deploy.0 = Debug|x86
		{7C11B1AA-0792-4B5C-B40D-E98D912A1398}.Release|Any CPU.ActiveCfg = Release|x64
		{7C11B1AA-0792-4B5C-B40D-E98D912A1398}.Release|Any CPU.Build.0 = Release|x64
		{7C11B1AA-0792-4B5C-B40D-E98D912A1398}.Release|Any CPU.Deploy.0 = Release|x64
		{7C11B1AA-0792-4B5C-B40D-E98D912A1398}.Release|ARM.ActiveCfg = Release|ARM
		{7C11B1AA-0792-4B5C-B40D-E98D912A1398}.Release|ARM.Build.0 = Release|ARM
		{7C11B1AA-0792-4B5C-B40D-E98D912A1398}.Release|ARM.Deploy.0 = Release|ARM
		{7C11B1AA-0792-4B5C-B40D-E98D912A1398}.Release|ARM64.ActiveCfg = Release|ARM64
		{7C11B1AA-0792-4B5C-B40D-E98D912A1398}.Release|ARM64.Build.0 = Release|ARM64
		{7C11B1AA-0792-4B5C-B40D-E98D912A1398}.Release|ARM64.Deploy.0 = Release|ARM64
		{7C11B1AA-0792-4B5C-B40D-E98D912A1398}.Release|x64.ActiveCfg = Release|x64
		{7C11B1AA-0792-4B5C-B40D-E98D912A1398}.Release|x64.Build.0 = Release|x64
		{7C11B1AA-0792-4B5C-B40D-E98D912A1398}.Release|x64.Deploy.0 = Release|x64
		{7C11B1AA-0792-4B5C-B40D-E98D912A1398}.Release|x86.ActiveCfg = Release|x86
		{7C11B1AA-0792-4B5C-B40D-E98D912A1398}.Release|x86.Build.0 = Release|x86
		{7C11B1AA-0792-4B5C-B40D-E98D912A1398}.Release|x86.Deploy.0 = Release|x86
		{DD642230-1822-44DD-94E0-99380951530A}.Debug|Any CPU.ActiveCfg = Debug|Any CPU
		{DD642230-1822-44DD-94E0-99380951530A}.Debug|Any CPU.Build.0 = Debug|Any CPU
		{DD642230-1822-44DD-94E0-99380951530A}.Debug|ARM.ActiveCfg = Debug|Any CPU
		{DD642230-1822-44DD-94E0-99380951530A}.Debug|ARM.Build.0 = Debug|Any CPU
		{DD642230-1822-44DD-94E0-99380951530A}.Debug|ARM64.ActiveCfg = Debug|Any CPU
		{DD642230-1822-44DD-94E0-99380951530A}.Debug|ARM64.Build.0 = Debug|Any CPU
		{DD642230-1822-44DD-94E0-99380951530A}.Debug|x64.ActiveCfg = Debug|Any CPU
		{DD642230-1822-44DD-94E0-99380951530A}.Debug|x64.Build.0 = Debug|Any CPU
		{DD642230-1822-44DD-94E0-99380951530A}.Debug|x86.ActiveCfg = Debug|Any CPU
		{DD642230-1822-44DD-94E0-99380951530A}.Debug|x86.Build.0 = Debug|Any CPU
		{DD642230-1822-44DD-94E0-99380951530A}.Release|Any CPU.ActiveCfg = Release|Any CPU
		{DD642230-1822-44DD-94E0-99380951530A}.Release|Any CPU.Build.0 = Release|Any CPU
		{DD642230-1822-44DD-94E0-99380951530A}.Release|ARM.ActiveCfg = Release|Any CPU
		{DD642230-1822-44DD-94E0-99380951530A}.Release|ARM.Build.0 = Release|Any CPU
		{DD642230-1822-44DD-94E0-99380951530A}.Release|ARM64.ActiveCfg = Release|Any CPU
		{DD642230-1822-44DD-94E0-99380951530A}.Release|ARM64.Build.0 = Release|Any CPU
		{DD642230-1822-44DD-94E0-99380951530A}.Release|x64.ActiveCfg = Release|Any CPU
		{DD642230-1822-44DD-94E0-99380951530A}.Release|x64.Build.0 = Release|Any CPU
		{DD642230-1822-44DD-94E0-99380951530A}.Release|x86.ActiveCfg = Release|Any CPU
		{DD642230-1822-44DD-94E0-99380951530A}.Release|x86.Build.0 = Release|Any CPU
		{7B491167-2174-4B09-A761-D47D181CF23A}.Debug|Any CPU.ActiveCfg = Debug|Any CPU
		{7B491167-2174-4B09-A761-D47D181CF23A}.Debug|Any CPU.Build.0 = Debug|Any CPU
		{7B491167-2174-4B09-A761-D47D181CF23A}.Debug|ARM.ActiveCfg = Debug|Any CPU
		{7B491167-2174-4B09-A761-D47D181CF23A}.Debug|ARM.Build.0 = Debug|Any CPU
		{7B491167-2174-4B09-A761-D47D181CF23A}.Debug|ARM64.ActiveCfg = Debug|Any CPU
		{7B491167-2174-4B09-A761-D47D181CF23A}.Debug|ARM64.Build.0 = Debug|Any CPU
		{7B491167-2174-4B09-A761-D47D181CF23A}.Debug|x64.ActiveCfg = Debug|Any CPU
		{7B491167-2174-4B09-A761-D47D181CF23A}.Debug|x64.Build.0 = Debug|Any CPU
		{7B491167-2174-4B09-A761-D47D181CF23A}.Debug|x86.ActiveCfg = Debug|Any CPU
		{7B491167-2174-4B09-A761-D47D181CF23A}.Debug|x86.Build.0 = Debug|Any CPU
		{7B491167-2174-4B09-A761-D47D181CF23A}.Release|Any CPU.ActiveCfg = Release|Any CPU
		{7B491167-2174-4B09-A761-D47D181CF23A}.Release|Any CPU.Build.0 = Release|Any CPU
		{7B491167-2174-4B09-A761-D47D181CF23A}.Release|ARM.ActiveCfg = Release|Any CPU
		{7B491167-2174-4B09-A761-D47D181CF23A}.Release|ARM.Build.0 = Release|Any CPU
		{7B491167-2174-4B09-A761-D47D181CF23A}.Release|ARM64.ActiveCfg = Release|Any CPU
		{7B491167-2174-4B09-A761-D47D181CF23A}.Release|ARM64.Build.0 = Release|Any CPU
		{7B491167-2174-4B09-A761-D47D181CF23A}.Release|x64.ActiveCfg = Release|Any CPU
		{7B491167-2174-4B09-A761-D47D181CF23A}.Release|x64.Build.0 = Release|Any CPU
		{7B491167-2174-4B09-A761-D47D181CF23A}.Release|x86.ActiveCfg = Release|Any CPU
		{7B491167-2174-4B09-A761-D47D181CF23A}.Release|x86.Build.0 = Release|Any CPU
		{CCCE0E57-DAB9-469F-A109-3A5C4BDFBBB5}.Debug|Any CPU.ActiveCfg = Debug|Any CPU
		{CCCE0E57-DAB9-469F-A109-3A5C4BDFBBB5}.Debug|Any CPU.Build.0 = Debug|Any CPU
		{CCCE0E57-DAB9-469F-A109-3A5C4BDFBBB5}.Debug|ARM.ActiveCfg = Debug|Any CPU
		{CCCE0E57-DAB9-469F-A109-3A5C4BDFBBB5}.Debug|ARM.Build.0 = Debug|Any CPU
		{CCCE0E57-DAB9-469F-A109-3A5C4BDFBBB5}.Debug|ARM64.ActiveCfg = Debug|Any CPU
		{CCCE0E57-DAB9-469F-A109-3A5C4BDFBBB5}.Debug|ARM64.Build.0 = Debug|Any CPU
		{CCCE0E57-DAB9-469F-A109-3A5C4BDFBBB5}.Debug|x64.ActiveCfg = Debug|Any CPU
		{CCCE0E57-DAB9-469F-A109-3A5C4BDFBBB5}.Debug|x64.Build.0 = Debug|Any CPU
		{CCCE0E57-DAB9-469F-A109-3A5C4BDFBBB5}.Debug|x86.ActiveCfg = Debug|Any CPU
		{CCCE0E57-DAB9-469F-A109-3A5C4BDFBBB5}.Debug|x86.Build.0 = Debug|Any CPU
		{CCCE0E57-DAB9-469F-A109-3A5C4BDFBBB5}.Release|Any CPU.ActiveCfg = Release|Any CPU
		{CCCE0E57-DAB9-469F-A109-3A5C4BDFBBB5}.Release|Any CPU.Build.0 = Release|Any CPU
		{CCCE0E57-DAB9-469F-A109-3A5C4BDFBBB5}.Release|ARM.ActiveCfg = Release|Any CPU
		{CCCE0E57-DAB9-469F-A109-3A5C4BDFBBB5}.Release|ARM.Build.0 = Release|Any CPU
		{CCCE0E57-DAB9-469F-A109-3A5C4BDFBBB5}.Release|ARM64.ActiveCfg = Release|Any CPU
		{CCCE0E57-DAB9-469F-A109-3A5C4BDFBBB5}.Release|ARM64.Build.0 = Release|Any CPU
		{CCCE0E57-DAB9-469F-A109-3A5C4BDFBBB5}.Release|x64.ActiveCfg = Release|Any CPU
		{CCCE0E57-DAB9-469F-A109-3A5C4BDFBBB5}.Release|x64.Build.0 = Release|Any CPU
		{CCCE0E57-DAB9-469F-A109-3A5C4BDFBBB5}.Release|x86.ActiveCfg = Release|Any CPU
		{CCCE0E57-DAB9-469F-A109-3A5C4BDFBBB5}.Release|x86.Build.0 = Release|Any CPU
		{115C86B1-A8AC-42BF-ACAE-48E8AE7BE7B9}.Debug|Any CPU.ActiveCfg = Debug|Any CPU
		{115C86B1-A8AC-42BF-ACAE-48E8AE7BE7B9}.Debug|Any CPU.Build.0 = Debug|Any CPU
		{115C86B1-A8AC-42BF-ACAE-48E8AE7BE7B9}.Debug|ARM.ActiveCfg = Debug|Any CPU
		{115C86B1-A8AC-42BF-ACAE-48E8AE7BE7B9}.Debug|ARM.Build.0 = Debug|Any CPU
		{115C86B1-A8AC-42BF-ACAE-48E8AE7BE7B9}.Debug|ARM64.ActiveCfg = Debug|Any CPU
		{115C86B1-A8AC-42BF-ACAE-48E8AE7BE7B9}.Debug|ARM64.Build.0 = Debug|Any CPU
		{115C86B1-A8AC-42BF-ACAE-48E8AE7BE7B9}.Debug|x64.ActiveCfg = Debug|Any CPU
		{115C86B1-A8AC-42BF-ACAE-48E8AE7BE7B9}.Debug|x64.Build.0 = Debug|Any CPU
		{115C86B1-A8AC-42BF-ACAE-48E8AE7BE7B9}.Debug|x86.ActiveCfg = Debug|Any CPU
		{115C86B1-A8AC-42BF-ACAE-48E8AE7BE7B9}.Debug|x86.Build.0 = Debug|Any CPU
		{115C86B1-A8AC-42BF-ACAE-48E8AE7BE7B9}.Release|Any CPU.ActiveCfg = Release|Any CPU
		{115C86B1-A8AC-42BF-ACAE-48E8AE7BE7B9}.Release|Any CPU.Build.0 = Release|Any CPU
		{115C86B1-A8AC-42BF-ACAE-48E8AE7BE7B9}.Release|ARM.ActiveCfg = Release|Any CPU
		{115C86B1-A8AC-42BF-ACAE-48E8AE7BE7B9}.Release|ARM.Build.0 = Release|Any CPU
		{115C86B1-A8AC-42BF-ACAE-48E8AE7BE7B9}.Release|ARM64.ActiveCfg = Release|Any CPU
		{115C86B1-A8AC-42BF-ACAE-48E8AE7BE7B9}.Release|ARM64.Build.0 = Release|Any CPU
		{115C86B1-A8AC-42BF-ACAE-48E8AE7BE7B9}.Release|x64.ActiveCfg = Release|Any CPU
		{115C86B1-A8AC-42BF-ACAE-48E8AE7BE7B9}.Release|x64.Build.0 = Release|Any CPU
		{115C86B1-A8AC-42BF-ACAE-48E8AE7BE7B9}.Release|x86.ActiveCfg = Release|Any CPU
		{115C86B1-A8AC-42BF-ACAE-48E8AE7BE7B9}.Release|x86.Build.0 = Release|Any CPU
		{039C64B0-E9E1-4E24-942B-21116B8A29E0}.Debug|Any CPU.ActiveCfg = Debug|Any CPU
		{039C64B0-E9E1-4E24-942B-21116B8A29E0}.Debug|Any CPU.Build.0 = Debug|Any CPU
		{039C64B0-E9E1-4E24-942B-21116B8A29E0}.Debug|ARM.ActiveCfg = Debug|Any CPU
		{039C64B0-E9E1-4E24-942B-21116B8A29E0}.Debug|ARM.Build.0 = Debug|Any CPU
		{039C64B0-E9E1-4E24-942B-21116B8A29E0}.Debug|ARM64.ActiveCfg = Debug|Any CPU
		{039C64B0-E9E1-4E24-942B-21116B8A29E0}.Debug|ARM64.Build.0 = Debug|Any CPU
		{039C64B0-E9E1-4E24-942B-21116B8A29E0}.Debug|x64.ActiveCfg = Debug|Any CPU
		{039C64B0-E9E1-4E24-942B-21116B8A29E0}.Debug|x64.Build.0 = Debug|Any CPU
		{039C64B0-E9E1-4E24-942B-21116B8A29E0}.Debug|x86.ActiveCfg = Debug|Any CPU
		{039C64B0-E9E1-4E24-942B-21116B8A29E0}.Debug|x86.Build.0 = Debug|Any CPU
		{039C64B0-E9E1-4E24-942B-21116B8A29E0}.Release|Any CPU.ActiveCfg = Release|Any CPU
		{039C64B0-E9E1-4E24-942B-21116B8A29E0}.Release|Any CPU.Build.0 = Release|Any CPU
		{039C64B0-E9E1-4E24-942B-21116B8A29E0}.Release|ARM.ActiveCfg = Release|Any CPU
		{039C64B0-E9E1-4E24-942B-21116B8A29E0}.Release|ARM.Build.0 = Release|Any CPU
		{039C64B0-E9E1-4E24-942B-21116B8A29E0}.Release|ARM64.ActiveCfg = Release|Any CPU
		{039C64B0-E9E1-4E24-942B-21116B8A29E0}.Release|ARM64.Build.0 = Release|Any CPU
		{039C64B0-E9E1-4E24-942B-21116B8A29E0}.Release|x64.ActiveCfg = Release|Any CPU
		{039C64B0-E9E1-4E24-942B-21116B8A29E0}.Release|x64.Build.0 = Release|Any CPU
		{039C64B0-E9E1-4E24-942B-21116B8A29E0}.Release|x86.ActiveCfg = Release|Any CPU
		{039C64B0-E9E1-4E24-942B-21116B8A29E0}.Release|x86.Build.0 = Release|Any CPU
		{7EB793FE-9AE8-4D53-9557-EB66436F21ED}.Debug|Any CPU.ActiveCfg = Debug|Any CPU
		{7EB793FE-9AE8-4D53-9557-EB66436F21ED}.Debug|Any CPU.Build.0 = Debug|Any CPU
		{7EB793FE-9AE8-4D53-9557-EB66436F21ED}.Debug|ARM.ActiveCfg = Debug|Any CPU
		{7EB793FE-9AE8-4D53-9557-EB66436F21ED}.Debug|ARM.Build.0 = Debug|Any CPU
		{7EB793FE-9AE8-4D53-9557-EB66436F21ED}.Debug|ARM64.ActiveCfg = Debug|Any CPU
		{7EB793FE-9AE8-4D53-9557-EB66436F21ED}.Debug|ARM64.Build.0 = Debug|Any CPU
		{7EB793FE-9AE8-4D53-9557-EB66436F21ED}.Debug|x64.ActiveCfg = Debug|Any CPU
		{7EB793FE-9AE8-4D53-9557-EB66436F21ED}.Debug|x64.Build.0 = Debug|Any CPU
		{7EB793FE-9AE8-4D53-9557-EB66436F21ED}.Debug|x86.ActiveCfg = Debug|Any CPU
		{7EB793FE-9AE8-4D53-9557-EB66436F21ED}.Debug|x86.Build.0 = Debug|Any CPU
		{7EB793FE-9AE8-4D53-9557-EB66436F21ED}.Release|Any CPU.ActiveCfg = Release|Any CPU
		{7EB793FE-9AE8-4D53-9557-EB66436F21ED}.Release|Any CPU.Build.0 = Release|Any CPU
		{7EB793FE-9AE8-4D53-9557-EB66436F21ED}.Release|ARM.ActiveCfg = Release|Any CPU
		{7EB793FE-9AE8-4D53-9557-EB66436F21ED}.Release|ARM.Build.0 = Release|Any CPU
		{7EB793FE-9AE8-4D53-9557-EB66436F21ED}.Release|ARM64.ActiveCfg = Release|Any CPU
		{7EB793FE-9AE8-4D53-9557-EB66436F21ED}.Release|ARM64.Build.0 = Release|Any CPU
		{7EB793FE-9AE8-4D53-9557-EB66436F21ED}.Release|x64.ActiveCfg = Release|Any CPU
		{7EB793FE-9AE8-4D53-9557-EB66436F21ED}.Release|x64.Build.0 = Release|Any CPU
		{7EB793FE-9AE8-4D53-9557-EB66436F21ED}.Release|x86.ActiveCfg = Release|Any CPU
		{7EB793FE-9AE8-4D53-9557-EB66436F21ED}.Release|x86.Build.0 = Release|Any CPU
		{53FA6169-33FB-48B1-9C9D-4DF284730BEE}.Debug|Any CPU.ActiveCfg = Debug|Any CPU
		{53FA6169-33FB-48B1-9C9D-4DF284730BEE}.Debug|Any CPU.Build.0 = Debug|Any CPU
		{53FA6169-33FB-48B1-9C9D-4DF284730BEE}.Debug|ARM.ActiveCfg = Debug|Any CPU
		{53FA6169-33FB-48B1-9C9D-4DF284730BEE}.Debug|ARM.Build.0 = Debug|Any CPU
		{53FA6169-33FB-48B1-9C9D-4DF284730BEE}.Debug|ARM64.ActiveCfg = Debug|Any CPU
		{53FA6169-33FB-48B1-9C9D-4DF284730BEE}.Debug|ARM64.Build.0 = Debug|Any CPU
		{53FA6169-33FB-48B1-9C9D-4DF284730BEE}.Debug|x64.ActiveCfg = Debug|Any CPU
		{53FA6169-33FB-48B1-9C9D-4DF284730BEE}.Debug|x64.Build.0 = Debug|Any CPU
		{53FA6169-33FB-48B1-9C9D-4DF284730BEE}.Debug|x86.ActiveCfg = Debug|Any CPU
		{53FA6169-33FB-48B1-9C9D-4DF284730BEE}.Debug|x86.Build.0 = Debug|Any CPU
		{53FA6169-33FB-48B1-9C9D-4DF284730BEE}.Release|Any CPU.ActiveCfg = Release|Any CPU
		{53FA6169-33FB-48B1-9C9D-4DF284730BEE}.Release|Any CPU.Build.0 = Release|Any CPU
		{53FA6169-33FB-48B1-9C9D-4DF284730BEE}.Release|ARM.ActiveCfg = Release|Any CPU
		{53FA6169-33FB-48B1-9C9D-4DF284730BEE}.Release|ARM.Build.0 = Release|Any CPU
		{53FA6169-33FB-48B1-9C9D-4DF284730BEE}.Release|ARM64.ActiveCfg = Release|Any CPU
		{53FA6169-33FB-48B1-9C9D-4DF284730BEE}.Release|ARM64.Build.0 = Release|Any CPU
		{53FA6169-33FB-48B1-9C9D-4DF284730BEE}.Release|x64.ActiveCfg = Release|Any CPU
		{53FA6169-33FB-48B1-9C9D-4DF284730BEE}.Release|x64.Build.0 = Release|Any CPU
		{53FA6169-33FB-48B1-9C9D-4DF284730BEE}.Release|x86.ActiveCfg = Release|Any CPU
		{53FA6169-33FB-48B1-9C9D-4DF284730BEE}.Release|x86.Build.0 = Release|Any CPU
		{3A74CAAD-6123-4329-A560-5999E45EDB3B}.Debug|Any CPU.ActiveCfg = Debug|Any CPU
		{3A74CAAD-6123-4329-A560-5999E45EDB3B}.Debug|Any CPU.Build.0 = Debug|Any CPU
		{3A74CAAD-6123-4329-A560-5999E45EDB3B}.Debug|ARM.ActiveCfg = Debug|Any CPU
		{3A74CAAD-6123-4329-A560-5999E45EDB3B}.Debug|ARM.Build.0 = Debug|Any CPU
		{3A74CAAD-6123-4329-A560-5999E45EDB3B}.Debug|ARM64.ActiveCfg = Debug|Any CPU
		{3A74CAAD-6123-4329-A560-5999E45EDB3B}.Debug|ARM64.Build.0 = Debug|Any CPU
		{3A74CAAD-6123-4329-A560-5999E45EDB3B}.Debug|x64.ActiveCfg = Debug|Any CPU
		{3A74CAAD-6123-4329-A560-5999E45EDB3B}.Debug|x64.Build.0 = Debug|Any CPU
		{3A74CAAD-6123-4329-A560-5999E45EDB3B}.Debug|x86.ActiveCfg = Debug|Any CPU
		{3A74CAAD-6123-4329-A560-5999E45EDB3B}.Debug|x86.Build.0 = Debug|Any CPU
		{3A74CAAD-6123-4329-A560-5999E45EDB3B}.Release|Any CPU.ActiveCfg = Release|Any CPU
		{3A74CAAD-6123-4329-A560-5999E45EDB3B}.Release|Any CPU.Build.0 = Release|Any CPU
		{3A74CAAD-6123-4329-A560-5999E45EDB3B}.Release|ARM.ActiveCfg = Release|Any CPU
		{3A74CAAD-6123-4329-A560-5999E45EDB3B}.Release|ARM.Build.0 = Release|Any CPU
		{3A74CAAD-6123-4329-A560-5999E45EDB3B}.Release|ARM64.ActiveCfg = Release|Any CPU
		{3A74CAAD-6123-4329-A560-5999E45EDB3B}.Release|ARM64.Build.0 = Release|Any CPU
		{3A74CAAD-6123-4329-A560-5999E45EDB3B}.Release|x64.ActiveCfg = Release|Any CPU
		{3A74CAAD-6123-4329-A560-5999E45EDB3B}.Release|x64.Build.0 = Release|Any CPU
		{3A74CAAD-6123-4329-A560-5999E45EDB3B}.Release|x86.ActiveCfg = Release|Any CPU
		{3A74CAAD-6123-4329-A560-5999E45EDB3B}.Release|x86.Build.0 = Release|Any CPU
		{19E48AF6-75F1-45BC-B8FA-46EBEE2600A4}.Debug|Any CPU.ActiveCfg = Debug|Any CPU
		{19E48AF6-75F1-45BC-B8FA-46EBEE2600A4}.Debug|Any CPU.Build.0 = Debug|Any CPU
		{19E48AF6-75F1-45BC-B8FA-46EBEE2600A4}.Debug|ARM.ActiveCfg = Debug|Any CPU
		{19E48AF6-75F1-45BC-B8FA-46EBEE2600A4}.Debug|ARM.Build.0 = Debug|Any CPU
		{19E48AF6-75F1-45BC-B8FA-46EBEE2600A4}.Debug|ARM64.ActiveCfg = Debug|Any CPU
		{19E48AF6-75F1-45BC-B8FA-46EBEE2600A4}.Debug|ARM64.Build.0 = Debug|Any CPU
		{19E48AF6-75F1-45BC-B8FA-46EBEE2600A4}.Debug|x64.ActiveCfg = Debug|Any CPU
		{19E48AF6-75F1-45BC-B8FA-46EBEE2600A4}.Debug|x64.Build.0 = Debug|Any CPU
		{19E48AF6-75F1-45BC-B8FA-46EBEE2600A4}.Debug|x86.ActiveCfg = Debug|Any CPU
		{19E48AF6-75F1-45BC-B8FA-46EBEE2600A4}.Debug|x86.Build.0 = Debug|Any CPU
		{19E48AF6-75F1-45BC-B8FA-46EBEE2600A4}.Release|Any CPU.ActiveCfg = Release|Any CPU
		{19E48AF6-75F1-45BC-B8FA-46EBEE2600A4}.Release|Any CPU.Build.0 = Release|Any CPU
		{19E48AF6-75F1-45BC-B8FA-46EBEE2600A4}.Release|ARM.ActiveCfg = Release|Any CPU
		{19E48AF6-75F1-45BC-B8FA-46EBEE2600A4}.Release|ARM.Build.0 = Release|Any CPU
		{19E48AF6-75F1-45BC-B8FA-46EBEE2600A4}.Release|ARM64.ActiveCfg = Release|Any CPU
		{19E48AF6-75F1-45BC-B8FA-46EBEE2600A4}.Release|ARM64.Build.0 = Release|Any CPU
		{19E48AF6-75F1-45BC-B8FA-46EBEE2600A4}.Release|x64.ActiveCfg = Release|Any CPU
		{19E48AF6-75F1-45BC-B8FA-46EBEE2600A4}.Release|x64.Build.0 = Release|Any CPU
		{19E48AF6-75F1-45BC-B8FA-46EBEE2600A4}.Release|x86.ActiveCfg = Release|Any CPU
		{19E48AF6-75F1-45BC-B8FA-46EBEE2600A4}.Release|x86.Build.0 = Release|Any CPU
		{E460065C-E90B-41BE-B8E9-14542D41ECE1}.Debug|Any CPU.ActiveCfg = Debug|Any CPU
		{E460065C-E90B-41BE-B8E9-14542D41ECE1}.Debug|Any CPU.Build.0 = Debug|Any CPU
		{E460065C-E90B-41BE-B8E9-14542D41ECE1}.Debug|ARM.ActiveCfg = Debug|Any CPU
		{E460065C-E90B-41BE-B8E9-14542D41ECE1}.Debug|ARM.Build.0 = Debug|Any CPU
		{E460065C-E90B-41BE-B8E9-14542D41ECE1}.Debug|ARM64.ActiveCfg = Debug|Any CPU
		{E460065C-E90B-41BE-B8E9-14542D41ECE1}.Debug|ARM64.Build.0 = Debug|Any CPU
		{E460065C-E90B-41BE-B8E9-14542D41ECE1}.Debug|x64.ActiveCfg = Debug|Any CPU
		{E460065C-E90B-41BE-B8E9-14542D41ECE1}.Debug|x64.Build.0 = Debug|Any CPU
		{E460065C-E90B-41BE-B8E9-14542D41ECE1}.Debug|x86.ActiveCfg = Debug|Any CPU
		{E460065C-E90B-41BE-B8E9-14542D41ECE1}.Debug|x86.Build.0 = Debug|Any CPU
		{E460065C-E90B-41BE-B8E9-14542D41ECE1}.Release|Any CPU.ActiveCfg = Release|Any CPU
		{E460065C-E90B-41BE-B8E9-14542D41ECE1}.Release|Any CPU.Build.0 = Release|Any CPU
		{E460065C-E90B-41BE-B8E9-14542D41ECE1}.Release|ARM.ActiveCfg = Release|Any CPU
		{E460065C-E90B-41BE-B8E9-14542D41ECE1}.Release|ARM.Build.0 = Release|Any CPU
		{E460065C-E90B-41BE-B8E9-14542D41ECE1}.Release|ARM64.ActiveCfg = Release|Any CPU
		{E460065C-E90B-41BE-B8E9-14542D41ECE1}.Release|ARM64.Build.0 = Release|Any CPU
		{E460065C-E90B-41BE-B8E9-14542D41ECE1}.Release|x64.ActiveCfg = Release|Any CPU
		{E460065C-E90B-41BE-B8E9-14542D41ECE1}.Release|x64.Build.0 = Release|Any CPU
		{E460065C-E90B-41BE-B8E9-14542D41ECE1}.Release|x86.ActiveCfg = Release|Any CPU
		{E460065C-E90B-41BE-B8E9-14542D41ECE1}.Release|x86.Build.0 = Release|Any CPU
		{C2DBBC35-916F-42AE-AD1B-8B8D5DF541B3}.Debug|Any CPU.ActiveCfg = Debug|Any CPU
		{C2DBBC35-916F-42AE-AD1B-8B8D5DF541B3}.Debug|Any CPU.Build.0 = Debug|Any CPU
		{C2DBBC35-916F-42AE-AD1B-8B8D5DF541B3}.Debug|ARM.ActiveCfg = Debug|Any CPU
		{C2DBBC35-916F-42AE-AD1B-8B8D5DF541B3}.Debug|ARM.Build.0 = Debug|Any CPU
		{C2DBBC35-916F-42AE-AD1B-8B8D5DF541B3}.Debug|ARM64.ActiveCfg = Debug|Any CPU
		{C2DBBC35-916F-42AE-AD1B-8B8D5DF541B3}.Debug|ARM64.Build.0 = Debug|Any CPU
		{C2DBBC35-916F-42AE-AD1B-8B8D5DF541B3}.Debug|x64.ActiveCfg = Debug|Any CPU
		{C2DBBC35-916F-42AE-AD1B-8B8D5DF541B3}.Debug|x64.Build.0 = Debug|Any CPU
		{C2DBBC35-916F-42AE-AD1B-8B8D5DF541B3}.Debug|x86.ActiveCfg = Debug|Any CPU
		{C2DBBC35-916F-42AE-AD1B-8B8D5DF541B3}.Debug|x86.Build.0 = Debug|Any CPU
		{C2DBBC35-916F-42AE-AD1B-8B8D5DF541B3}.Release|Any CPU.ActiveCfg = Release|Any CPU
		{C2DBBC35-916F-42AE-AD1B-8B8D5DF541B3}.Release|Any CPU.Build.0 = Release|Any CPU
		{C2DBBC35-916F-42AE-AD1B-8B8D5DF541B3}.Release|ARM.ActiveCfg = Release|Any CPU
		{C2DBBC35-916F-42AE-AD1B-8B8D5DF541B3}.Release|ARM.Build.0 = Release|Any CPU
		{C2DBBC35-916F-42AE-AD1B-8B8D5DF541B3}.Release|ARM64.ActiveCfg = Release|Any CPU
		{C2DBBC35-916F-42AE-AD1B-8B8D5DF541B3}.Release|ARM64.Build.0 = Release|Any CPU
		{C2DBBC35-916F-42AE-AD1B-8B8D5DF541B3}.Release|x64.ActiveCfg = Release|Any CPU
		{C2DBBC35-916F-42AE-AD1B-8B8D5DF541B3}.Release|x64.Build.0 = Release|Any CPU
		{C2DBBC35-916F-42AE-AD1B-8B8D5DF541B3}.Release|x86.ActiveCfg = Release|Any CPU
		{C2DBBC35-916F-42AE-AD1B-8B8D5DF541B3}.Release|x86.Build.0 = Release|Any CPU
		{541EA269-7E56-49C6-B614-FE45C613C2B3}.Debug|Any CPU.ActiveCfg = Debug|Any CPU
		{541EA269-7E56-49C6-B614-FE45C613C2B3}.Debug|Any CPU.Build.0 = Debug|Any CPU
		{541EA269-7E56-49C6-B614-FE45C613C2B3}.Debug|ARM.ActiveCfg = Debug|Any CPU
		{541EA269-7E56-49C6-B614-FE45C613C2B3}.Debug|ARM.Build.0 = Debug|Any CPU
		{541EA269-7E56-49C6-B614-FE45C613C2B3}.Debug|ARM64.ActiveCfg = Debug|Any CPU
		{541EA269-7E56-49C6-B614-FE45C613C2B3}.Debug|ARM64.Build.0 = Debug|Any CPU
		{541EA269-7E56-49C6-B614-FE45C613C2B3}.Debug|x64.ActiveCfg = Debug|Any CPU
		{541EA269-7E56-49C6-B614-FE45C613C2B3}.Debug|x64.Build.0 = Debug|Any CPU
		{541EA269-7E56-49C6-B614-FE45C613C2B3}.Debug|x86.ActiveCfg = Debug|Any CPU
		{541EA269-7E56-49C6-B614-FE45C613C2B3}.Debug|x86.Build.0 = Debug|Any CPU
		{541EA269-7E56-49C6-B614-FE45C613C2B3}.Release|Any CPU.ActiveCfg = Release|Any CPU
		{541EA269-7E56-49C6-B614-FE45C613C2B3}.Release|Any CPU.Build.0 = Release|Any CPU
		{541EA269-7E56-49C6-B614-FE45C613C2B3}.Release|ARM.ActiveCfg = Release|Any CPU
		{541EA269-7E56-49C6-B614-FE45C613C2B3}.Release|ARM.Build.0 = Release|Any CPU
		{541EA269-7E56-49C6-B614-FE45C613C2B3}.Release|ARM64.ActiveCfg = Release|Any CPU
		{541EA269-7E56-49C6-B614-FE45C613C2B3}.Release|ARM64.Build.0 = Release|Any CPU
		{541EA269-7E56-49C6-B614-FE45C613C2B3}.Release|x64.ActiveCfg = Release|Any CPU
		{541EA269-7E56-49C6-B614-FE45C613C2B3}.Release|x64.Build.0 = Release|Any CPU
		{541EA269-7E56-49C6-B614-FE45C613C2B3}.Release|x86.ActiveCfg = Release|Any CPU
		{541EA269-7E56-49C6-B614-FE45C613C2B3}.Release|x86.Build.0 = Release|Any CPU
		{CF4046E1-6AC0-4D47-9930-D1E558C05175}.Debug|Any CPU.ActiveCfg = Debug|Any CPU
		{CF4046E1-6AC0-4D47-9930-D1E558C05175}.Debug|Any CPU.Build.0 = Debug|Any CPU
		{CF4046E1-6AC0-4D47-9930-D1E558C05175}.Debug|ARM.ActiveCfg = Debug|Any CPU
		{CF4046E1-6AC0-4D47-9930-D1E558C05175}.Debug|ARM.Build.0 = Debug|Any CPU
		{CF4046E1-6AC0-4D47-9930-D1E558C05175}.Debug|ARM64.ActiveCfg = Debug|Any CPU
		{CF4046E1-6AC0-4D47-9930-D1E558C05175}.Debug|ARM64.Build.0 = Debug|Any CPU
		{CF4046E1-6AC0-4D47-9930-D1E558C05175}.Debug|x64.ActiveCfg = Debug|Any CPU
		{CF4046E1-6AC0-4D47-9930-D1E558C05175}.Debug|x64.Build.0 = Debug|Any CPU
		{CF4046E1-6AC0-4D47-9930-D1E558C05175}.Debug|x86.ActiveCfg = Debug|Any CPU
		{CF4046E1-6AC0-4D47-9930-D1E558C05175}.Debug|x86.Build.0 = Debug|Any CPU
		{CF4046E1-6AC0-4D47-9930-D1E558C05175}.Release|Any CPU.ActiveCfg = Release|Any CPU
		{CF4046E1-6AC0-4D47-9930-D1E558C05175}.Release|Any CPU.Build.0 = Release|Any CPU
		{CF4046E1-6AC0-4D47-9930-D1E558C05175}.Release|ARM.ActiveCfg = Release|Any CPU
		{CF4046E1-6AC0-4D47-9930-D1E558C05175}.Release|ARM.Build.0 = Release|Any CPU
		{CF4046E1-6AC0-4D47-9930-D1E558C05175}.Release|ARM64.ActiveCfg = Release|Any CPU
		{CF4046E1-6AC0-4D47-9930-D1E558C05175}.Release|ARM64.Build.0 = Release|Any CPU
		{CF4046E1-6AC0-4D47-9930-D1E558C05175}.Release|x64.ActiveCfg = Release|Any CPU
		{CF4046E1-6AC0-4D47-9930-D1E558C05175}.Release|x64.Build.0 = Release|Any CPU
		{CF4046E1-6AC0-4D47-9930-D1E558C05175}.Release|x86.ActiveCfg = Release|Any CPU
		{CF4046E1-6AC0-4D47-9930-D1E558C05175}.Release|x86.Build.0 = Release|Any CPU
		{CE62B294-E9B8-4628-97E6-AF8C28AD386F}.Debug|Any CPU.ActiveCfg = Debug|Any CPU
		{CE62B294-E9B8-4628-97E6-AF8C28AD386F}.Debug|Any CPU.Build.0 = Debug|Any CPU
		{CE62B294-E9B8-4628-97E6-AF8C28AD386F}.Debug|ARM.ActiveCfg = Debug|Any CPU
		{CE62B294-E9B8-4628-97E6-AF8C28AD386F}.Debug|ARM.Build.0 = Debug|Any CPU
		{CE62B294-E9B8-4628-97E6-AF8C28AD386F}.Debug|ARM64.ActiveCfg = Debug|Any CPU
		{CE62B294-E9B8-4628-97E6-AF8C28AD386F}.Debug|ARM64.Build.0 = Debug|Any CPU
		{CE62B294-E9B8-4628-97E6-AF8C28AD386F}.Debug|x64.ActiveCfg = Debug|Any CPU
		{CE62B294-E9B8-4628-97E6-AF8C28AD386F}.Debug|x64.Build.0 = Debug|Any CPU
		{CE62B294-E9B8-4628-97E6-AF8C28AD386F}.Debug|x86.ActiveCfg = Debug|Any CPU
		{CE62B294-E9B8-4628-97E6-AF8C28AD386F}.Debug|x86.Build.0 = Debug|Any CPU
		{CE62B294-E9B8-4628-97E6-AF8C28AD386F}.Release|Any CPU.ActiveCfg = Release|Any CPU
		{CE62B294-E9B8-4628-97E6-AF8C28AD386F}.Release|Any CPU.Build.0 = Release|Any CPU
		{CE62B294-E9B8-4628-97E6-AF8C28AD386F}.Release|ARM.ActiveCfg = Release|Any CPU
		{CE62B294-E9B8-4628-97E6-AF8C28AD386F}.Release|ARM.Build.0 = Release|Any CPU
		{CE62B294-E9B8-4628-97E6-AF8C28AD386F}.Release|ARM64.ActiveCfg = Release|Any CPU
		{CE62B294-E9B8-4628-97E6-AF8C28AD386F}.Release|ARM64.Build.0 = Release|Any CPU
		{CE62B294-E9B8-4628-97E6-AF8C28AD386F}.Release|x64.ActiveCfg = Release|Any CPU
		{CE62B294-E9B8-4628-97E6-AF8C28AD386F}.Release|x64.Build.0 = Release|Any CPU
		{CE62B294-E9B8-4628-97E6-AF8C28AD386F}.Release|x86.ActiveCfg = Release|Any CPU
		{CE62B294-E9B8-4628-97E6-AF8C28AD386F}.Release|x86.Build.0 = Release|Any CPU
		{004E0CBF-AA21-45DF-A955-97EA602D4318}.Debug|Any CPU.ActiveCfg = Debug|Any CPU
		{004E0CBF-AA21-45DF-A955-97EA602D4318}.Debug|Any CPU.Build.0 = Debug|Any CPU
		{004E0CBF-AA21-45DF-A955-97EA602D4318}.Debug|ARM.ActiveCfg = Debug|Any CPU
		{004E0CBF-AA21-45DF-A955-97EA602D4318}.Debug|ARM.Build.0 = Debug|Any CPU
		{004E0CBF-AA21-45DF-A955-97EA602D4318}.Debug|ARM64.ActiveCfg = Debug|Any CPU
		{004E0CBF-AA21-45DF-A955-97EA602D4318}.Debug|ARM64.Build.0 = Debug|Any CPU
		{004E0CBF-AA21-45DF-A955-97EA602D4318}.Debug|x64.ActiveCfg = Debug|Any CPU
		{004E0CBF-AA21-45DF-A955-97EA602D4318}.Debug|x64.Build.0 = Debug|Any CPU
		{004E0CBF-AA21-45DF-A955-97EA602D4318}.Debug|x86.ActiveCfg = Debug|Any CPU
		{004E0CBF-AA21-45DF-A955-97EA602D4318}.Debug|x86.Build.0 = Debug|Any CPU
		{004E0CBF-AA21-45DF-A955-97EA602D4318}.Release|Any CPU.ActiveCfg = Release|Any CPU
		{004E0CBF-AA21-45DF-A955-97EA602D4318}.Release|Any CPU.Build.0 = Release|Any CPU
		{004E0CBF-AA21-45DF-A955-97EA602D4318}.Release|ARM.ActiveCfg = Release|Any CPU
		{004E0CBF-AA21-45DF-A955-97EA602D4318}.Release|ARM.Build.0 = Release|Any CPU
		{004E0CBF-AA21-45DF-A955-97EA602D4318}.Release|ARM64.ActiveCfg = Release|Any CPU
		{004E0CBF-AA21-45DF-A955-97EA602D4318}.Release|ARM64.Build.0 = Release|Any CPU
		{004E0CBF-AA21-45DF-A955-97EA602D4318}.Release|x64.ActiveCfg = Release|Any CPU
		{004E0CBF-AA21-45DF-A955-97EA602D4318}.Release|x64.Build.0 = Release|Any CPU
		{004E0CBF-AA21-45DF-A955-97EA602D4318}.Release|x86.ActiveCfg = Release|Any CPU
		{004E0CBF-AA21-45DF-A955-97EA602D4318}.Release|x86.Build.0 = Release|Any CPU
	EndGlobalSection
	GlobalSection(SolutionProperties) = preSolution
		HideSolutionNode = FALSE
	EndGlobalSection
	GlobalSection(NestedProjects) = preSolution
		{DD642230-1822-44DD-94E0-99380951530A} = {300D4F87-C88B-447F-AFC6-B685F6C60835}
		{7B491167-2174-4B09-A761-D47D181CF23A} = {300D4F87-C88B-447F-AFC6-B685F6C60835}
		{CCCE0E57-DAB9-469F-A109-3A5C4BDFBBB5} = {300D4F87-C88B-447F-AFC6-B685F6C60835}
	EndGlobalSection
	GlobalSection(ExtensibilityGlobals) = postSolution
		SolutionGuid = {C9B5CF73-DAD5-431C-8D06-13D5EE0EA755}
	EndGlobalSection
EndGlobal
